// !$*UTF8*$!
{
	archiveVersion = 1;
	classes = {
	};
	objectVersion = 50;
	objects = {

/* Begin PBXBuildFile section */
		B87211EE207A681B00BC2435 /* AppDelegate.swift in Sources */ = {isa = PBXBuildFile; fileRef = B87211ED207A681B00BC2435 /* AppDelegate.swift */; };
		B87211F3207A681B00BC2435 /* Main.storyboard in Resources */ = {isa = PBXBuildFile; fileRef = B87211F1207A681B00BC2435 /* Main.storyboard */; };
		B87211F5207A681C00BC2435 /* Assets.xcassets in Resources */ = {isa = PBXBuildFile; fileRef = B87211F4207A681C00BC2435 /* Assets.xcassets */; };
		B87211F8207A681C00BC2435 /* LaunchScreen.storyboard in Resources */ = {isa = PBXBuildFile; fileRef = B87211F6207A681C00BC2435 /* LaunchScreen.storyboard */; };
		B8721200207A688700BC2435 /* SplashViewController.swift in Sources */ = {isa = PBXBuildFile; fileRef = B87211FF207A688700BC2435 /* SplashViewController.swift */; };
		B8721202207A6B4000BC2435 /* RoundedButton.swift in Sources */ = {isa = PBXBuildFile; fileRef = B8721201207A6B4000BC2435 /* RoundedButton.swift */; };
		B8721204207A6F7500BC2435 /* Button.swift in Sources */ = {isa = PBXBuildFile; fileRef = B8721203207A6F7500BC2435 /* Button.swift */; };
		B88CD977207A87C100C8E82B /* OnboardingViewController.swift in Sources */ = {isa = PBXBuildFile; fileRef = B88CD976207A87C100C8E82B /* OnboardingViewController.swift */; };
		B88CD979207A8A6200C8E82B /* sView.xib in Resources */ = {isa = PBXBuildFile; fileRef = B88CD978207A8A6200C8E82B /* sView.xib */; };
		B88CD97D207A8B1000C8E82B /* sUIView.swift in Sources */ = {isa = PBXBuildFile; fileRef = B88CD97C207A8B1000C8E82B /* sUIView.swift */; };
/* End PBXBuildFile section */

/* Begin PBXFileReference section */
		B87211EA207A681B00BC2435 /* Simply.app */ = {isa = PBXFileReference; explicitFileType = wrapper.application; includeInIndex = 0; path = Simply.app; sourceTree = BUILT_PRODUCTS_DIR; };
		B87211ED207A681B00BC2435 /* AppDelegate.swift */ = {isa = PBXFileReference; lastKnownFileType = sourcecode.swift; path = AppDelegate.swift; sourceTree = "<group>"; };
		B87211F2207A681B00BC2435 /* Base */ = {isa = PBXFileReference; lastKnownFileType = file.storyboard; name = Base; path = Base.lproj/Main.storyboard; sourceTree = "<group>"; };
		B87211F4207A681C00BC2435 /* Assets.xcassets */ = {isa = PBXFileReference; lastKnownFileType = folder.assetcatalog; path = Assets.xcassets; sourceTree = "<group>"; };
		B87211F7207A681C00BC2435 /* Base */ = {isa = PBXFileReference; lastKnownFileType = file.storyboard; name = Base; path = Base.lproj/LaunchScreen.storyboard; sourceTree = "<group>"; };
		B87211F9207A681C00BC2435 /* Info.plist */ = {isa = PBXFileReference; lastKnownFileType = text.plist.xml; path = Info.plist; sourceTree = "<group>"; };
		B87211FF207A688700BC2435 /* SplashViewController.swift */ = {isa = PBXFileReference; lastKnownFileType = sourcecode.swift; path = SplashViewController.swift; sourceTree = "<group>"; };
		B8721201207A6B4000BC2435 /* RoundedButton.swift */ = {isa = PBXFileReference; lastKnownFileType = sourcecode.swift; path = RoundedButton.swift; sourceTree = "<group>"; };
		B8721203207A6F7500BC2435 /* Button.swift */ = {isa = PBXFileReference; lastKnownFileType = sourcecode.swift; path = Button.swift; sourceTree = "<group>"; };
		B88CD976207A87C100C8E82B /* OnboardingViewController.swift */ = {isa = PBXFileReference; lastKnownFileType = sourcecode.swift; path = OnboardingViewController.swift; sourceTree = "<group>"; };
		B88CD978207A8A6200C8E82B /* sView.xib */ = {isa = PBXFileReference; lastKnownFileType = file.xib; path = sView.xib; sourceTree = "<group>"; };
		B88CD97C207A8B1000C8E82B /* sUIView.swift */ = {isa = PBXFileReference; lastKnownFileType = sourcecode.swift; path = sUIView.swift; sourceTree = "<group>"; };
/* End PBXFileReference section */

/* Begin PBXFrameworksBuildPhase section */
		B87211E7207A681B00BC2435 /* Frameworks */ = {
			isa = PBXFrameworksBuildPhase;
			buildActionMask = 2147483647;
			files = (
			);
			runOnlyForDeploymentPostprocessing = 0;
		};
/* End PBXFrameworksBuildPhase section */

/* Begin PBXGroup section */
		B87211E1207A681B00BC2435 = {
			isa = PBXGroup;
			children = (
				B87211EC207A681B00BC2435 /* Simply */,
				B87211EB207A681B00BC2435 /* Products */,
			);
			sourceTree = "<group>";
		};
		B87211EB207A681B00BC2435 /* Products */ = {
			isa = PBXGroup;
			children = (
				B87211EA207A681B00BC2435 /* Simply.app */,
			);
			name = Products;
			sourceTree = "<group>";
		};
		B87211EC207A681B00BC2435 /* Simply */ = {
			isa = PBXGroup;
			children = (
				B88CD97C207A8B1000C8E82B /* sUIView.swift */,
				B88CD978207A8A6200C8E82B /* sView.xib */,
				B88CD976207A87C100C8E82B /* OnboardingViewController.swift */,
				B8721203207A6F7500BC2435 /* Button.swift */,
				B8721201207A6B4000BC2435 /* RoundedButton.swift */,
				B87211FF207A688700BC2435 /* SplashViewController.swift */,
				B87211ED207A681B00BC2435 /* AppDelegate.swift */,
				B87211F1207A681B00BC2435 /* Main.storyboard */,
				B87211F4207A681C00BC2435 /* Assets.xcassets */,
				B87211F6207A681C00BC2435 /* LaunchScreen.storyboard */,
				B87211F9207A681C00BC2435 /* Info.plist */,
			);
			path = Simply;
			sourceTree = "<group>";
		};
/* End PBXGroup section */

/* Begin PBXNativeTarget section */
		B87211E9207A681B00BC2435 /* Simply */ = {
			isa = PBXNativeTarget;
			buildConfigurationList = B87211FC207A681C00BC2435 /* Build configuration list for PBXNativeTarget "Simply" */;
			buildPhases = (
				B87211E6207A681B00BC2435 /* Sources */,
				B87211E7207A681B00BC2435 /* Frameworks */,
				B87211E8207A681B00BC2435 /* Resources */,
			);
			buildRules = (
			);
			dependencies = (
			);
			name = Simply;
			productName = Simply;
			productReference = B87211EA207A681B00BC2435 /* Simply.app */;
			productType = "com.apple.product-type.application";
		};
/* End PBXNativeTarget section */

/* Begin PBXProject section */
		B87211E2207A681B00BC2435 /* Project object */ = {
			isa = PBXProject;
			attributes = {
				LastSwiftUpdateCheck = 0930;
				LastUpgradeCheck = 0930;
				ORGANIZATIONNAME = "Norbert Zborecki";
				TargetAttributes = {
					B87211E9207A681B00BC2435 = {
						CreatedOnToolsVersion = 9.3;
					};
				};
			};
			buildConfigurationList = B87211E5207A681B00BC2435 /* Build configuration list for PBXProject "Simply" */;
			compatibilityVersion = "Xcode 9.3";
			developmentRegion = en;
			hasScannedForEncodings = 0;
			knownRegions = (
				en,
				Base,
			);
			mainGroup = B87211E1207A681B00BC2435;
			productRefGroup = B87211EB207A681B00BC2435 /* Products */;
			projectDirPath = "";
			projectRoot = "";
			targets = (
				B87211E9207A681B00BC2435 /* Simply */,
			);
		};
/* End PBXProject section */

/* Begin PBXResourcesBuildPhase section */
		B87211E8207A681B00BC2435 /* Resources */ = {
			isa = PBXResourcesBuildPhase;
			buildActionMask = 2147483647;
			files = (
				B88CD979207A8A6200C8E82B /* sView.xib in Resources */,
				B87211F8207A681C00BC2435 /* LaunchScreen.storyboard in Resources */,
				B87211F5207A681C00BC2435 /* Assets.xcassets in Resources */,
				B87211F3207A681B00BC2435 /* Main.storyboard in Resources */,
			);
			runOnlyForDeploymentPostprocessing = 0;
		};
/* End PBXResourcesBuildPhase section */

/* Begin PBXSourcesBuildPhase section */
		B87211E6207A681B00BC2435 /* Sources */ = {
			isa = PBXSourcesBuildPhase;
			buildActionMask = 2147483647;
			files = (
				B87211EE207A681B00BC2435 /* AppDelegate.swift in Sources */,
				B8721202207A6B4000BC2435 /* RoundedButton.swift in Sources */,
				B88CD97D207A8B1000C8E82B /* sUIView.swift in Sources */,
				B88CD977207A87C100C8E82B /* OnboardingViewController.swift in Sources */,
				B8721200207A688700BC2435 /* SplashViewController.swift in Sources */,
				B8721204207A6F7500BC2435 /* Button.swift in Sources */,
			);
			runOnlyForDeploymentPostprocessing = 0;
		};
/* End PBXSourcesBuildPhase section */

/* Begin PBXVariantGroup section */
		B87211F1207A681B00BC2435 /* Main.storyboard */ = {
			isa = PBXVariantGroup;
			children = (
				B87211F2207A681B00BC2435 /* Base */,
			);
			name = Main.storyboard;
			sourceTree = "<group>";
		};
		B87211F6207A681C00BC2435 /* LaunchScreen.storyboard */ = {
			isa = PBXVariantGroup;
			children = (
				B87211F7207A681C00BC2435 /* Base */,
			);
			name = LaunchScreen.storyboard;
			sourceTree = "<group>";
		};
/* End PBXVariantGroup section */

/* Begin XCBuildConfiguration section */
		B87211FA207A681C00BC2435 /* Debug */ = {
			isa = XCBuildConfiguration;
			buildSettings = {
				ALWAYS_SEARCH_USER_PATHS = NO;
				CLANG_ANALYZER_NONNULL = YES;
				CLANG_ANALYZER_NUMBER_OBJECT_CONVERSION = YES_AGGRESSIVE;
				CLANG_CXX_LANGUAGE_STANDARD = "gnu++14";
				CLANG_CXX_LIBRARY = "libc++";
				CLANG_ENABLE_MODULES = YES;
				CLANG_ENABLE_OBJC_ARC = YES;
				CLANG_ENABLE_OBJC_WEAK = YES;
				CLANG_WARN_BLOCK_CAPTURE_AUTORELEASING = YES;
				CLANG_WARN_BOOL_CONVERSION = YES;
				CLANG_WARN_COMMA = YES;
				CLANG_WARN_CONSTANT_CONVERSION = YES;
				CLANG_WARN_DEPRECATED_OBJC_IMPLEMENTATIONS = YES;
				CLANG_WARN_DIRECT_OBJC_ISA_USAGE = YES_ERROR;
				CLANG_WARN_DOCUMENTATION_COMMENTS = YES;
				CLANG_WARN_EMPTY_BODY = YES;
				CLANG_WARN_ENUM_CONVERSION = YES;
				CLANG_WARN_INFINITE_RECURSION = YES;
				CLANG_WARN_INT_CONVERSION = YES;
				CLANG_WARN_NON_LITERAL_NULL_CONVERSION = YES;
				CLANG_WARN_OBJC_IMPLICIT_RETAIN_SELF = YES;
				CLANG_WARN_OBJC_LITERAL_CONVERSION = YES;
				CLANG_WARN_OBJC_ROOT_CLASS = YES_ERROR;
				CLANG_WARN_RANGE_LOOP_ANALYSIS = YES;
				CLANG_WARN_STRICT_PROTOTYPES = YES;
				CLANG_WARN_SUSPICIOUS_MOVE = YES;
				CLANG_WARN_UNGUARDED_AVAILABILITY = YES_AGGRESSIVE;
				CLANG_WARN_UNREACHABLE_CODE = YES;
				CLANG_WARN__DUPLICATE_METHOD_MATCH = YES;
				CODE_SIGN_IDENTITY = "iPhone Developer";
				COPY_PHASE_STRIP = NO;
				DEBUG_INFORMATION_FORMAT = dwarf;
				ENABLE_STRICT_OBJC_MSGSEND = YES;
				ENABLE_TESTABILITY = YES;
				GCC_C_LANGUAGE_STANDARD = gnu11;
				GCC_DYNAMIC_NO_PIC = NO;
				GCC_NO_COMMON_BLOCKS = YES;
				GCC_OPTIMIZATION_LEVEL = 0;
				GCC_PREPROCESSOR_DEFINITIONS = (
					"DEBUG=1",
					"$(inherited)",
				);
				GCC_WARN_64_TO_32_BIT_CONVERSION = YES;
				GCC_WARN_ABOUT_RETURN_TYPE = YES_ERROR;
				GCC_WARN_UNDECLARED_SELECTOR = YES;
				GCC_WARN_UNINITIALIZED_AUTOS = YES_AGGRESSIVE;
				GCC_WARN_UNUSED_FUNCTION = YES;
				GCC_WARN_UNUSED_VARIABLE = YES;
				IPHONEOS_DEPLOYMENT_TARGET = 11.3;
				MTL_ENABLE_DEBUG_INFO = YES;
				ONLY_ACTIVE_ARCH = YES;
				SDKROOT = iphoneos;
				SWIFT_ACTIVE_COMPILATION_CONDITIONS = DEBUG;
				SWIFT_OPTIMIZATION_LEVEL = "-Onone";
			};
			name = Debug;
		};
		B87211FB207A681C00BC2435 /* Release */ = {
			isa = XCBuildConfiguration;
			buildSettings = {
				ALWAYS_SEARCH_USER_PATHS = NO;
				CLANG_ANALYZER_NONNULL = YES;
				CLANG_ANALYZER_NUMBER_OBJECT_CONVERSION = YES_AGGRESSIVE;
				CLANG_CXX_LANGUAGE_STANDARD = "gnu++14";
				CLANG_CXX_LIBRARY = "libc++";
				CLANG_ENABLE_MODULES = YES;
				CLANG_ENABLE_OBJC_ARC = YES;
				CLANG_ENABLE_OBJC_WEAK = YES;
				CLANG_WARN_BLOCK_CAPTURE_AUTORELEASING = YES;
				CLANG_WARN_BOOL_CONVERSION = YES;
				CLANG_WARN_COMMA = YES;
				CLANG_WARN_CONSTANT_CONVERSION = YES;
				CLANG_WARN_DEPRECATED_OBJC_IMPLEMENTATIONS = YES;
				CLANG_WARN_DIRECT_OBJC_ISA_USAGE = YES_ERROR;
				CLANG_WARN_DOCUMENTATION_COMMENTS = YES;
				CLANG_WARN_EMPTY_BODY = YES;
				CLANG_WARN_ENUM_CONVERSION = YES;
				CLANG_WARN_INFINITE_RECURSION = YES;
				CLANG_WARN_INT_CONVERSION = YES;
				CLANG_WARN_NON_LITERAL_NULL_CONVERSION = YES;
				CLANG_WARN_OBJC_IMPLICIT_RETAIN_SELF = YES;
				CLANG_WARN_OBJC_LITERAL_CONVERSION = YES;
				CLANG_WARN_OBJC_ROOT_CLASS = YES_ERROR;
				CLANG_WARN_RANGE_LOOP_ANALYSIS = YES;
				CLANG_WARN_STRICT_PROTOTYPES = YES;
				CLANG_WARN_SUSPICIOUS_MOVE = YES;
				CLANG_WARN_UNGUARDED_AVAILABILITY = YES_AGGRESSIVE;
				CLANG_WARN_UNREACHABLE_CODE = YES;
				CLANG_WARN__DUPLICATE_METHOD_MATCH = YES;
				CODE_SIGN_IDENTITY = "iPhone Developer";
				COPY_PHASE_STRIP = NO;
				DEBUG_INFORMATION_FORMAT = "dwarf-with-dsym";
				ENABLE_NS_ASSERTIONS = NO;
				ENABLE_STRICT_OBJC_MSGSEND = YES;
				GCC_C_LANGUAGE_STANDARD = gnu11;
				GCC_NO_COMMON_BLOCKS = YES;
				GCC_WARN_64_TO_32_BIT_CONVERSION = YES;
				GCC_WARN_ABOUT_RETURN_TYPE = YES_ERROR;
				GCC_WARN_UNDECLARED_SELECTOR = YES;
				GCC_WARN_UNINITIALIZED_AUTOS = YES_AGGRESSIVE;
				GCC_WARN_UNUSED_FUNCTION = YES;
				GCC_WARN_UNUSED_VARIABLE = YES;
				IPHONEOS_DEPLOYMENT_TARGET = 11.3;
				MTL_ENABLE_DEBUG_INFO = NO;
				SDKROOT = iphoneos;
				SWIFT_COMPILATION_MODE = wholemodule;
				SWIFT_OPTIMIZATION_LEVEL = "-O";
				VALIDATE_PRODUCT = YES;
			};
			name = Release;
		};
		B87211FD207A681C00BC2435 /* Debug */ = {
			isa = XCBuildConfiguration;
			buildSettings = {
				ASSETCATALOG_COMPILER_APPICON_NAME = AppIcon;
				CODE_SIGN_STYLE = Automatic;
				INFOPLIST_FILE = Simply/Info.plist;
				LD_RUNPATH_SEARCH_PATHS = (
					"$(inherited)",
					"@executable_path/Frameworks",
				);
				PRODUCT_BUNDLE_IDENTIFIER = com.norbertzborecki.Simply;
				PRODUCT_NAME = "$(TARGET_NAME)";
				SWIFT_VERSION = 4.0;
				TARGETED_DEVICE_FAMILY = "1,2";
			};
			name = Debug;
		};
		B87211FE207A681C00BC2435 /* Release */ = {
			isa = XCBuildConfiguration;
			buildSettings = {
				ASSETCATALOG_COMPILER_APPICON_NAME = AppIcon;
				CODE_SIGN_STYLE = Automatic;
				INFOPLIST_FILE = Simply/Info.plist;
				LD_RUNPATH_SEARCH_PATHS = (
					"$(inherited)",
					"@executable_path/Frameworks",
				);
				PRODUCT_BUNDLE_IDENTIFIER = com.norbertzborecki.Simply;
				PRODUCT_NAME = "$(TARGET_NAME)";
				SWIFT_VERSION = 4.0;
				TARGETED_DEVICE_FAMILY = "1,2";
			};
			name = Release;
		};
/* End XCBuildConfiguration section */

/* Begin XCConfigurationList section */
		B87211E5207A681B00BC2435 /* Build configuration list for PBXProject "Simply" */ = {
			isa = XCConfigurationList;
			buildConfigurations = (
				B87211FA207A681C00BC2435 /* Debug */,
				B87211FB207A681C00BC2435 /* Release */,
			);
			defaultConfigurationIsVisible = 0;
			defaultConfigurationName = Release;
		};
		B87211FC207A681C00BC2435 /* Build configuration list for PBXNativeTarget "Simply" */ = {
			isa = XCConfigurationList;
			buildConfigurations = (
				B87211FD207A681C00BC2435 /* Debug */,
				B87211FE207A681C00BC2435 /* Release */,
			);
			defaultConfigurationIsVisible = 0;
			defaultConfigurationName = Release;
		};
/* End XCConfigurationList section */
	};
	rootObject = B87211E2207A681B00BC2435 /* Project object */;
}
